
Microsoft Visual Studio Solution File, Format Version 12.00
# Visual Studio Version 16
VisualStudioVersion = 16.0.31729.503
MinimumVisualStudioVersion = 10.0.40219.1
Project("{FAE04EC0-301F-11D3-BF4B-00C04F79EFBC}") = "Lab_2_1", "Lab_2_1.csproj", "{776CAEA3-4B51-419D-B318-8793FABBBD58}"
EndProject
Global
	GlobalSection(SolutionConfigurationPlatforms) = preSolution
		Debug|Any CPU = Debug|Any CPU
		Release|Any CPU = Release|Any CPU
	EndGlobalSection
	GlobalSection(ProjectConfigurationPlatforms) = postSolution
		{776CAEA3-4B51-419D-B318-8793FABBBD58}.Debug|Any CPU.ActiveCfg = Debug|Any CPU
		{776CAEA3-4B51-419D-B318-8793FABBBD58}.Debug|Any CPU.Build.0 = Debug|Any CPU
		{776CAEA3-4B51-419D-B318-8793FABBBD58}.Release|Any CPU.ActiveCfg = Release|Any CPU
		{776CAEA3-4B51-419D-B318-8793FABBBD58}.Release|Any CPU.Build.0 = Release|Any CPU
	EndGlobalSection
	GlobalSection(SolutionProperties) = preSolution
		HideSolutionNode = FALSE
	EndGlobalSection
	GlobalSection(ExtensibilityGlobals) = postSolution
		SolutionGuid = {C1DB3608-238A-4287-9F12-C2741761CB7F}
	EndGlobalSection
EndGlobal
